cloud.google.com/go v0.26.0/go.mod h1:aQUYkXzVsufM+DwF1aE+0xfcU+56JwCaLick0ClmMTw=
fyne.io/fyne v1.1.0 h1:gQHhhS3u4uvjyP+LPU7gCj39gdO7czZ/ahhWQXwZlIk=
fyne.io/fyne v1.1.0/go.mod h1:mz0CvQX1ACEjiDGpSH3D8Qf9yHq8dfYA039kG7p8ZhQ=
gioui.org v0.0.0-20191009170828-e4b1a46dd243 h1:XTCjj+zH2LF9V9LPBuPE8EIedRUhj5dnc3MxdhMINxA=
gioui.org v0.0.0-20191009170828-e4b1a46dd243/go.mod h1:+CEjc9B//HrBfWsQOVxjCyih7HGIj3Pww1xFHVDZyyk=
gioui.org v0.0.0-20191010095713-71731a613c7a h1:DBZMYq1GeaX2THoamRt8+axg29PltHzfmrEuAGOCT3Q=
gioui.org v0.0.0-20191010095713-71731a613c7a/go.mod h1:+CEjc9B//HrBfWsQOVxjCyih7HGIj3Pww1xFHVDZyyk=
gioui.org/ui v0.0.0-20190902131729-7ad60e08787b h1:Dkmjdmimk3Mtci/vDJNWGAxbD5kyiJyBllWl9DvhEk0=
gioui.org/ui v0.0.0-20190902131729-7ad60e08787b/go.mod h1:dmqi7kyK1sZ03VAkEqzKKpKWfRPCuqrd1eDtSqyhjzY=
gioui.org/ui v0.0.0-20190924202410-3944ef4b2e46 h1:aNmeeRhiuvnWyM3YafyZ3XIHwl3qThBWJP0O2Nj2uCo=
gioui.org/ui v0.0.0-20190924202410-3944ef4b2e46/go.mod h1:PssKPKlqVIeyaed+0w492Xc2NgX5M3n6oZKOAj5rxoE=
gioui.org/ui v0.0.0-20190926171558-ce74bc0cbaea h1:rv21Wx1Inf27NY453rrrP6tuEG65PyWPhnP2Jx+Qb8k=
gioui.org/ui v0.0.0-20190926171558-ce74bc0cbaea/go.mod h1:PssKPKlqVIeyaed+0w492Xc2NgX5M3n6oZKOAj5rxoE=
github.com/AndreasBriese/bbloom v0.0.0-20190306092124-e2d15f34fcf9 h1:HD8gA2tkByhMAwYaFAX9w2l7vxvBQ5NMoxDrkhqhtn4=
github.com/AndreasBriese/bbloom v0.0.0-20190306092124-e2d15f34fcf9/go.mod h1:bOvUY6CB00SOBii9/FifXqc0awNKxLFCL/+pkDPuyl8=
github.com/BurntSushi/toml v0.3.1/go.mod h1:xHWCNGjB5oqiDr8zfno3MHue2Ht5sIBksp03qcyfWMU=
github.com/BurntSushi/xgb v0.0.0-20160522181843-27f122750802/go.mod h1:IVnqGOEym/WlBOVXweHU+Q+/VP0lqqI8lqeDx9IjBqo=
github.com/BurntSushi/xgb v0.0.0-20160522221800-27f122750802/go.mod h1:IVnqGOEym/WlBOVXweHU+Q+/VP0lqqI8lqeDx9IjBqo=
github.com/DataDog/zstd v1.3.5/go.mod h1:1jcaCB/ufaK+sKp1NBhlGmpz41jOoPQ35bpF36t7BBo=
github.com/Kodeworks/golang-image-ico v0.0.0-20141118225523-73f0f4cfade9/go.mod h1:7uhhqiBaR4CpN0k9rMjOtjpcfGd6DG2m04zQxKnWQ0I=
github.com/Sereal/Sereal v0.0.0-20181211220259-509a78ddbda3/go.mod h1:D0JMgToj/WdxCgd30Kc1UcA9E+WdZoJqeVOuYW7iTBM=
github.com/aarzilli/nucular v0.0.0-20190403084742-0071461892e4/go.mod h1:KI8zBeoLu/Y4Jx1qXSlldLCfZ/TCR8VRmkjPqldnfo0=
github.com/aarzilli/nucular v0.0.0-20191004125635-0f0b2bda58e2 h1:clbtFN863rBIq9TYkMaGXxGdBFIjOzBWTaBzqsL8/OA=
github.com/aarzilli/nucular v0.0.0-20191004125635-0f0b2bda58e2/go.mod h1:wGdJsPGGsknzeob6x436MChSy8DAom5UxdzUTjNCNDw=
github.com/aead/siphash v0.0.0-20170329201724-e404fcfc8885/go.mod h1:Nywa3cDsYNNK3gaciGTWPwHt0wlpNV15vwmswBAUSII=
github.com/agl/ed25519 v0.0.0-20170116200512-5312a6153412 h1:w1UutsfOrms1J05zt7ISrnJIXKzwaspym5BTKGx93EI=
github.com/agl/ed25519 v0.0.0-20170116200512-5312a6153412/go.mod h1:WPjqKcmVOxf0XSf3YxCJs6N6AOSrOx3obionmG7T0y0=
github.com/akavel/rsrc v0.8.0/go.mod h1:uLoCtb9J+EyAqh+26kdrTgmzRBFPGOolLWKpdxkKq+c=
github.com/armon/consul-api v0.0.0-20180202201655-eb2c6b5be1b6/go.mod h1:grANhF5doyWs3UAsr3K4I6qtAmlQcZDesFNEHPZAzj8=
github.com/asdine/storm v0.0.0-20190216191021-fe89819f6282 h1:DmSVc81daQAPvXwcCZi0W6A14sTCYQ1QI21C0E37KoY=
github.com/asdine/storm v0.0.0-20190216191021-fe89819f6282/go.mod h1:cMLKpjHSP4q0P133fV15ojQgwWWB2IMv+hrFsmBF/wI=
github.com/atotto/clipboard v0.1.2/go.mod h1:ZY9tmq7sm5xIbd9bOK4onWV4S6X0u6GY7Vn0Yu86PYI=
github.com/boltdb/bolt v1.3.1 h1:JQmyP4ZBrce+ZQu0dY660FMfatumYDLun9hBCUVIkF4=
github.com/boltdb/bolt v1.3.1/go.mod h1:clJnj/oiGkjum5o1McbSZDSLxVThjynRyGBgiAx27Ps=
github.com/btcsuite/go-socks v0.0.0-20170105172521-4720035b7bfd h1:R/opQEbFEy9JGkIguV40SvRY1uliPX8ifOvi6ICsFCw=
github.com/btcsuite/go-socks v0.0.0-20170105172521-4720035b7bfd/go.mod h1:HHNXQzUsZCxOoE+CPiyCTO6x34Zs86zZUiwtpXoGdtg=
github.com/btcsuite/goleveldb v1.0.0 h1:Tvd0BfvqX9o823q1j2UZ/epQo09eJh6dTcRp79ilIN4=
github.com/btcsuite/goleveldb v1.0.0/go.mod h1:QiK9vBlgftBg6rWQIj6wFzbPfRjiykIEhBH4obrXJ/I=
github.com/btcsuite/snappy-go v1.0.0 h1:ZxaA6lo2EpxGddsA8JwWOcxlzRybb444sgmeJQMJGQE=
github.com/btcsuite/snappy-go v1.0.0/go.mod h1:8woku9dyThutzjeg+3xrA5iCpBRH8XEEg3lh6TiUghc=
github.com/client9/misspell v0.3.4/go.mod h1:qj6jICC3Q7zFZvVWo7KLAzC3yx5G7kyvSDkc90ppPyw=
github.com/coreos/etcd v3.3.10+incompatible/go.mod h1:uF7uidLiAD3TWHmW31ZFd/JWoc32PjwdhPthX9715RE=
github.com/coreos/go-etcd v2.0.0+incompatible/go.mod h1:Jez6KQU2B/sWsbdaef3ED8NzMklzPG4d5KIOhIy30Tk=
github.com/coreos/go-semver v0.2.0/go.mod h1:nnelYz7RCh+5ahJtPPxZlU+153eP4D4r3EedlOD2RNk=
github.com/cpuguy83/go-md2man v1.0.10/go.mod h1:SmD6nW6nTyfqj6ABTjUi3V3JVMnlJmwcJI5acqYI6dE=
github.com/davecgh/go-spew v1.1.0/go.mod h1:J7Y8YcW2NihsgmVo/mv3lAwl/skON4iLHjSsI+c5H38=
github.com/davecgh/go-spew v1.1.1/go.mod h1:J7Y8YcW2NihsgmVo/mv3lAwl/skON4iLHjSsI+c5H38=
github.com/dchest/blake256 v1.0.0 h1:6gUgI5MHdz9g0TdrgKqXsoDX+Zjxmm1Sc6OsoGru50I=
github.com/dchest/blake256 v1.0.0/go.mod h1:xXNWCE1jsAP8DAjP+rKw2MbeqLczjI3TRx2VK+9OEYY=
github.com/dchest/siphash v1.2.0 h1:YWOShuhvg0GqbQpMa60QlCGtEyf7O7HC1Jf0VjdQ60M=
github.com/dchest/siphash v1.2.0/go.mod h1:q+IRvb2gOSrUnYoPqHiyHXS0FOBBOdl6tONBlVnOnt4=
github.com/dchest/siphash v1.2.1 h1:4cLinnzVJDKxTCl9B01807Yiy+W7ZzVHj/KIroQRvT4=
github.com/dchest/siphash v1.2.1/go.mod h1:q+IRvb2gOSrUnYoPqHiyHXS0FOBBOdl6tONBlVnOnt4=
github.com/decred/base58 v1.0.0 h1:BVi1FQCThIjZ0ehG+I99NJ51o0xcc9A/fDKhmJxY6+w=
github.com/decred/base58 v1.0.0/go.mod h1:LLY1p5e3g91byL/UO1eiZaYd+uRoVRarybgcoymu9Ks=
github.com/decred/dcrd/addrmgr v1.0.2 h1:BfJoFEkdDDhaQSsx9NkVOTiOTUbEevbVf+aYRQSIAmU=
github.com/decred/dcrd/addrmgr v1.0.2/go.mod h1:gNnmTuf/Xkg8ZX3j5GXbajzPrSdf5bA7HitO2bjmq0Q=
github.com/decred/dcrd/blockchain v1.0.0/go.mod h1:nNMgOz12wlasmEJDCuSuMWYSnjDdmB4l38GKuQ/Yd+8=
github.com/decred/dcrd/blockchain v1.0.1/go.mod h1:R/4XnwNOTj5IP8jQIUzrJ8zhr/7EOk09IMODwBamZoI=
github.com/decred/dcrd/blockchain v1.0.2/go.mod h1:R/4XnwNOTj5IP8jQIUzrJ8zhr/7EOk09IMODwBamZoI=
github.com/decred/dcrd/blockchain v1.1.1 h1:CWr90sZ2YLQz84EGT+X/pzU+9AZB1eXQUy+4fsJSt5w=
github.com/decred/dcrd/blockchain v1.1.1/go.mod h1:zxi/41LgzHitpz/CZu0gxHyFHz8+ysd3lH8E3P5Uifg=
github.com/decred/dcrd/blockchain/stake v1.0.0/go.mod h1:opuzF8UouYyQyRJVF00Rdd7OgWb1WKyy1pyU0QYaxz0=
github.com/decred/dcrd/blockchain/stake v1.0.1/go.mod h1:hgoGmWMIu2LLApBbcguVpzCEEfX7M2YhuMrQdpohJzc=
github.com/decred/dcrd/blockchain/stake v1.0.2/go.mod h1:hgoGmWMIu2LLApBbcguVpzCEEfX7M2YhuMrQdpohJzc=
github.com/decred/dcrd/blockchain/stake v1.1.0 h1:kCxZdQ2/UfcD+XjE3wlCv0vLKWR9ZFtjbbTTpudb74o=
github.com/decred/dcrd/blockchain/stake v1.1.0/go.mod h1:WRuaml4bcyZYza1NT3qizlLcQwMIcAQRENvZVb2t884=
github.com/decred/dcrd/certgen v1.0.1/go.mod h1:NxEyGwzPHak+h3tNLYAXU4vWuL98HrY9Z59hc1E3SGI=
github.com/decred/dcrd/chaincfg v1.0.1/go.mod h1:O+443mQNPjci+WqWkKta3v2MgJn2u20YWy5mW3c2T7M=
github.com/decred/dcrd/chaincfg v1.1.1/go.mod h1:UlGtnp8Xx9YK+etBTybGjoFGoGXSw2bxZQuAnwfKv6I=
github.com/decred/dcrd/chaincfg v1.2.0/go.mod h1:kpoGTMIriKn5hHRSu5b65+Q9LlGUdbQcMzGujac1BVs=
github.com/decred/dcrd/chaincfg v1.3.0/go.mod h1:kpoGTMIriKn5hHRSu5b65+Q9LlGUdbQcMzGujac1BVs=
github.com/decred/dcrd/chaincfg v1.4.0/go.mod h1:ypuM30F+XgZmZTFfAkWHWd0lwwkWWAOAQYNRkRDlYLc=
github.com/decred/dcrd/chaincfg v1.5.1 h1:u1Xbq0VTnAXIHW5ECqrWe0VYSgf5vWHqpSiwoLBzxAQ=
github.com/decred/dcrd/chaincfg v1.5.1/go.mod h1:FukMzTjkwzjPU+hK7CqDMQe3NMbSZAYU5PAcsx1wlv0=
github.com/decred/dcrd/chaincfg/chainhash v1.0.1 h1:0vG7U9+dSjSCaHQKdoSKURK2pOb47+b+8FK5q4+Je7M=
github.com/decred/dcrd/chaincfg/chainhash v1.0.1/go.mod h1:OVfvaOsNLS/A1y4Eod0Ip/Lf8qga7VXCQjUQLbkY0Go=
github.com/decred/dcrd/chaincfg/v2 v2.0.2 h1:VeGY52lHuYT01tIGbvYj+OO0GaGxGaJmnh+4vGca1+U=
github.com/decred/dcrd/chaincfg/v2 v2.0.2/go.mod h1:hpKvhLCDAD/xDZ3V1Pqpv9fIKVYYi11DyxETguazyvg=
github.com/decred/dcrd/connmgr v1.0.1/go.mod h1:jR+woh3BTbP/35v0nHMiz6GfV1RO0uF1JA+mKeXNk04=
github.com/decred/dcrd/connmgr v1.0.2 h1:ipHJBV9fmhLi8ZZCtsNpG+kLY2c+yu59/8oOkA8BNJY=
github.com/decred/dcrd/connmgr v1.0.2/go.mod h1:jBNfQLh+454n3crgNCPrhMgZ9mVvYcMbWSCEAHsJQus=
github.com/decred/dcrd/database v1.0.0/go.mod h1:eQOhTdO3oYBshjCVxMt747CP6yKKIls6IIdqYxMRzEk=
github.com/decred/dcrd/database v1.0.1/go.mod h1:ILCeyOHFew3fZ7K2B9jl+tp5qFOap/pEGoo6Yy6Wk0g=
github.com/decred/dcrd/database v1.0.2/go.mod h1:ILCeyOHFew3fZ7K2B9jl+tp5qFOap/pEGoo6Yy6Wk0g=
github.com/decred/dcrd/database v1.0.3 h1:e5Q3gDt9LwfvpZxYqFF3OVzgr8bGeC1cen+V3mv/CCw=
github.com/decred/dcrd/database v1.0.3/go.mod h1:TLxRwIV8x85+dxPTLAWu4mHg45TkKrrza5xzwOS1QtA=
github.com/decred/dcrd/dcrec v0.0.0-20180721005212-59fe2b293f69/go.mod h1:cRAH1SNk8Mi9hKBc/DHbeiWz/fyO8KWZR3H7okrIuOA=
github.com/decred/dcrd/dcrec v0.0.0-20180721005914-d26200ec716b/go.mod h1:cRAH1SNk8Mi9hKBc/DHbeiWz/fyO8KWZR3H7okrIuOA=
github.com/decred/dcrd/dcrec v0.0.0-20180721031028-5369a485acf6/go.mod h1:cRAH1SNk8Mi9hKBc/DHbeiWz/fyO8KWZR3H7okrIuOA=
github.com/decred/dcrd/dcrec v0.0.0-20180801202239-0761de129164/go.mod h1:cRAH1SNk8Mi9hKBc/DHbeiWz/fyO8KWZR3H7okrIuOA=
github.com/decred/dcrd/dcrec v0.0.0-20180809193022-9536f0c88fa8/go.mod h1:cRAH1SNk8Mi9hKBc/DHbeiWz/fyO8KWZR3H7okrIuOA=
github.com/decred/dcrd/dcrec v0.0.0-20180816212643-20eda7ec9229/go.mod h1:cRAH1SNk8Mi9hKBc/DHbeiWz/fyO8KWZR3H7okrIuOA=
github.com/decred/dcrd/dcrec v0.0.0-20181212181811-1a370d38d671/go.mod h1:cRAH1SNk8Mi9hKBc/DHbeiWz/fyO8KWZR3H7okrIuOA=
github.com/decred/dcrd/dcrec v0.0.0-20190130161649-59ed4247a1d5/go.mod h1:cRAH1SNk8Mi9hKBc/DHbeiWz/fyO8KWZR3H7okrIuOA=
github.com/decred/dcrd/dcrec v0.0.0-20190311054417-9a5161ce9e68/go.mod h1:cRAH1SNk8Mi9hKBc/DHbeiWz/fyO8KWZR3H7okrIuOA=
github.com/decred/dcrd/dcrec v0.0.0-20190402182842-879eebce3333/go.mod h1:HIaqbEJQ+PDzQcORxnqen5/V1FR3B4VpIfmePklt8Q8=
github.com/decred/dcrd/dcrec v1.0.0 h1:W+z6Es+Rai3MXYVoPAxYr5U1DGis0Co33scJ6uH2J6o=
github.com/decred/dcrd/dcrec v1.0.0/go.mod h1:HIaqbEJQ+PDzQcORxnqen5/V1FR3B4VpIfmePklt8Q8=
github.com/decred/dcrd/dcrec/edwards v0.0.0-20180721005212-59fe2b293f69/go.mod h1:+ehP0Hk/mesyZXttxCtBbhPX23BMpZJ1pcVBqUfbmvU=
github.com/decred/dcrd/dcrec/edwards v0.0.0-20180721031028-5369a485acf6/go.mod h1:+ehP0Hk/mesyZXttxCtBbhPX23BMpZJ1pcVBqUfbmvU=
github.com/decred/dcrd/dcrec/edwards v0.0.0-20180809193022-9536f0c88fa8/go.mod h1:+ehP0Hk/mesyZXttxCtBbhPX23BMpZJ1pcVBqUfbmvU=
github.com/decred/dcrd/dcrec/edwards v0.0.0-20180816212643-20eda7ec9229/go.mod h1:+ehP0Hk/mesyZXttxCtBbhPX23BMpZJ1pcVBqUfbmvU=
github.com/decred/dcrd/dcrec/edwards v0.0.0-20181208004914-a0816cf4301f/go.mod h1:+ehP0Hk/mesyZXttxCtBbhPX23BMpZJ1pcVBqUfbmvU=
github.com/decred/dcrd/dcrec/edwards v0.0.0-20190130161649-59ed4247a1d5/go.mod h1:+ehP0Hk/mesyZXttxCtBbhPX23BMpZJ1pcVBqUfbmvU=
github.com/decred/dcrd/dcrec/edwards v0.0.0-20190402182842-879eebce3333/go.mod h1:HblVh1OfMt7xSxUL1ufjToaEvpbjpWvvTAUx4yem8BI=
github.com/decred/dcrd/dcrec/edwards v1.0.0 h1:UDcPNzclKiJlWqV3x1Fl8xMCJrolo4PB4X9t8LwKDWU=
github.com/decred/dcrd/dcrec/edwards v1.0.0/go.mod h1:HblVh1OfMt7xSxUL1ufjToaEvpbjpWvvTAUx4yem8BI=
github.com/decred/dcrd/dcrec/secp256k1 v1.0.0/go.mod h1:JPMFscGlgXTV684jxQNDijae2qrh0fLG7pJBimaYotE=
github.com/decred/dcrd/dcrec/secp256k1 v1.0.1/go.mod h1:lhu4eZFSfTJWUnR3CFRcpD+Vta0KUAqnhTsTksHXgy0=
github.com/decred/dcrd/dcrec/secp256k1 v1.0.2 h1:awk7sYJ4pGWmtkiGHFfctztJjHMKGLV8jctGQhAbKe0=
github.com/decred/dcrd/dcrec/secp256k1 v1.0.2/go.mod h1:CHTUIVfmDDd0KFVFpNX1pFVCBUegxW387nN0IGwNKR0=
github.com/decred/dcrd/dcrjson v1.0.0/go.mod h1:ozddIaeF+EAvZZvFuB3zpfxhyxBGfvbt22crQh+PYuI=
github.com/decred/dcrd/dcrjson v1.1.0 h1:pFpbay3cWACkgloFxWjHBwlXWG2+S2QCJJzNxL40hwg=
github.com/decred/dcrd/dcrjson v1.1.0/go.mod h1:ozddIaeF+EAvZZvFuB3zpfxhyxBGfvbt22crQh+PYuI=
github.com/decred/dcrd/dcrjson v1.2.0/go.mod h1:ozddIaeF+EAvZZvFuB3zpfxhyxBGfvbt22crQh+PYuI=
github.com/decred/dcrd/dcrjson/v2 v2.0.0 h1:W0q4Alh36c5N318eUpfmU8kXoCNgImMLI87NIXni9Us=
github.com/decred/dcrd/dcrjson/v2 v2.0.0/go.mod h1:FYueNy8BREAFq04YNEwcTsmGFcNqY+ehUUO81w2igi4=
github.com/decred/dcrd/dcrutil v1.0.0/go.mod h1:CBpbItyMKkL/4i1qPJDsE/cdSYklsWFcTYgprRZh4yk=
github.com/decred/dcrd/dcrutil v1.1.1/go.mod h1:Jsttr0pEvzPAw+qay1kS1/PsbZYPyhluiNwwY6yBJS4=
github.com/decred/dcrd/dcrutil v1.2.0/go.mod h1:tUNHS2gj7ApeEVS8gb6O+4wJW7w3O2MSRyRdcjW1JxU=
github.com/decred/dcrd/dcrutil v1.4.0 h1:xD5aUqysGQnsnP1c9J0kGeW8lDIwFGC3ja/gE3HnpCs=
github.com/decred/dcrd/dcrutil v1.4.0/go.mod h1:Bs74gm1jQ9ZAbmEh9FWOEZ1HQzlMg5iPATDMzMnCMlQ=
github.com/decred/dcrd/dcrutil/v2 v2.0.0 h1:HTqn2tZ8eqBF4y3hJwjyKBmJt16y7/HjzpE82E/crhY=
github.com/decred/dcrd/dcrutil/v2 v2.0.0/go.mod h1:gUshVAXpd51DlcEhr51QfWL2HJGkMDM1U8chY+9VvQg=
github.com/decred/dcrd/gcs v1.0.0/go.mod h1:5uHIPAzn4SdGP2/FhVBK2YdAoKmufds3ZI8yNzojUCM=
github.com/decred/dcrd/gcs v1.0.1/go.mod h1:YwutGzusSdJM79CJtxCo9t7WRCvnkLtWSD19TPo1i9g=
github.com/decred/dcrd/gcs v1.0.2 h1:wZjxeC9WPBoRApaAQpBrzvN9NA0iS2KWrTJa9IiDgc8=
github.com/decred/dcrd/gcs v1.0.2/go.mod h1:eLCvrzUsWro48TlTyrmFcZAZqnllYFz0vEv5VZtufF4=
github.com/decred/dcrd/hdkeychain v1.1.0/go.mod h1:zyUZtZ3PdnTPHt2XUr1x76b8ZuiM+9aVkP8Rq8Scp1k=
github.com/decred/dcrd/hdkeychain v1.1.1 h1:6+BwOmPfEyw/Krm+91RXysc76F1jqCta3m45DyD5+s4=
github.com/decred/dcrd/hdkeychain v1.1.1/go.mod h1:CLBVXLoO63fIiqkv38KR23zXGSgrfiAWOybOKTneLhA=
github.com/decred/dcrd/mempool v1.0.1/go.mod h1:r+/DGiiluXi1EyMCCPPH58Qu+rsr8nZv0DialAG5VZQ=
github.com/decred/dcrd/mempool v1.1.1 h1:ysFIS3HzEIJ88B1Y4OfL6wjzBurlChbKkzq54hPglGo=
github.com/decred/dcrd/mempool v1.1.1/go.mod h1:u1I2KRv9UHhx2crlbZXYoLDabWyQ8VnnHDSG53UdhCA=
github.com/decred/dcrd/mining v1.0.0/go.mod h1:VA5H4zhJgXb8LK5lqM5H58dhMRXJRcaQQoX3G8QRpP8=
github.com/decred/dcrd/mining v1.0.1/go.mod h1:+CSOLPi7TM8OlQg7mJ7XzWLXCDb4nHK8R6cvXOzhEoU=
github.com/decred/dcrd/mining v1.1.0 h1:9Wtla+i+pEjfYsNCfixsipmyyoB26DgL4LSXWAin/zw=
github.com/decred/dcrd/mining v1.1.0/go.mod h1:NQEtX604XgNwKcPFId1hVTTiBqmVQDlnqV1yNqGl4oU=
github.com/decred/dcrd/rpcclient v1.0.1/go.mod h1:tApXK3wwrAQtz7lcXeeqBwuktUZesvrFfvhAdedYqdM=
github.com/decred/dcrd/rpcclient v1.1.0 h1:nQZ1qOJaLYoOTM1oQ2dLaqocb5TWI7gNBK+BTY7UVXk=
github.com/decred/dcrd/rpcclient v1.1.0/go.mod h1:SCwBs4d+aqRV2ChnriIZ1y/LgNVHG/2ieEC1vIop82s=
github.com/decred/dcrd/rpcclient/v2 v2.0.0 h1:Zy9twdEaOGUdCj/89LAs/IrStm6FcabxzBve4UsA73A=
github.com/decred/dcrd/rpcclient/v2 v2.0.0/go.mod h1:9XjbRHBSNqN+DXz8I47gUZszvVjvugqLGK8TZQ4c/u0=
github.com/decred/dcrd/txscript v1.0.0/go.mod h1:9byvrOaBSBVVnDG7Cm0JgN8bZytl1oi9Ba245VBeI18=
github.com/decred/dcrd/txscript v1.0.1/go.mod h1:FqUX07Y+u3cJ1eIGPoyWbJg+Wk1NTllln/TyDpx9KnY=
github.com/decred/dcrd/txscript v1.0.2 h1:kzJZDuteyzvI15VNhtgFHxeeq210RTkFyfzN7d+1iPo=
github.com/decred/dcrd/txscript v1.0.2/go.mod h1:hmUOHFlOjU7H6T/czt6kurWwXJvGPGKKGtXoft6w/qY=
github.com/decred/dcrd/txscript v1.0.3-0.20190402182842-879eebce3333 h1:nsk8gnezIxeC4Dboj/VE9Epe1ItlAhUxAvOliRRtfec=
github.com/decred/dcrd/txscript v1.0.3-0.20190402182842-879eebce3333/go.mod h1:OhSIXbXdGDRNtkzW7Pil22tj+fcqpUp8r/E4LAz1yoQ=
github.com/decred/dcrd/wire v1.0.1/go.mod h1:zpKZnBiN59CrzfXFigwgXmUDVYf34OLbEr8xwAwriHc=
github.com/decred/dcrd/wire v1.1.0/go.mod h1:/JKOsLInOJu6InN+/zH5AyCq3YDIOW/EqcffvU8fJHM=
github.com/decred/dcrd/wire v1.2.0 h1:HqJVB7vcklIguzFWgRXw/WYCQ9cD3bUC5TKj53i1Hng=
github.com/decred/dcrd/wire v1.2.0/go.mod h1:/JKOsLInOJu6InN+/zH5AyCq3YDIOW/EqcffvU8fJHM=
github.com/decred/dcrdata v2.1.3+incompatible/go.mod h1:9dhUy80j3VCCh0JNYaW3b960hqkxATNq65FxGMYB7mA=
github.com/decred/dcrdata/semver v1.0.0/go.mod h1:z+nQqiAd9fYkHhBLbejysZ2FPHtgkrErWDgMf+JlZWE=
github.com/decred/dcrdata/txhelpers v1.1.0 h1:xKK+1/OASkSxMe/KDLaLJeJjJdopgC+FV8+EFPpJAGk=
github.com/decred/dcrdata/txhelpers v1.1.0/go.mod h1:IyxuqUxIPrHnOmRy9DCl90oqw7FxYHde/fkIkF21B7w=
github.com/decred/dcrwallet v1.2.2 h1:NdI13wxP+OsWKXPqjWQQ9VSGAl4VoSLBfAunzFreeJg=
github.com/decred/dcrwallet v1.2.2/go.mod h1:BrSus0F+Rx8UhvPNBfuRMIjRJBNrW2sLspN9iQR5hm8=
github.com/decred/dcrwallet v1.2.3-0.20181120205657-8690f1096aa7/go.mod h1:BrSus0F+Rx8UhvPNBfuRMIjRJBNrW2sLspN9iQR5hm8=
github.com/decred/dcrwallet/chain v1.0.0/go.mod h1:KpZFaKlKajfUZt36+RmBn2HKwTbwoa3yt9HPALqlShI=
github.com/decred/dcrwallet/chain v1.1.1 h1:YUJ1ArUaN/WuMnTP1PvfirNaqIQO9+UUNDifhnJ8QQQ=
github.com/decred/dcrwallet/chain v1.1.1/go.mod h1:2kA82rBDkCKOSYFV+Q14RZNCuYwdaQ9uO/c+RixqRNs=
github.com/decred/dcrwallet/deployments v1.0.0/go.mod h1:0bWER/DAYoGbzkWzbUf6k2agW4YkSyvNLZDhBGThz/4=
github.com/decred/dcrwallet/deployments v1.1.0 h1:83arg+7ct7PS1H2IYhuePnrBK2rkVpEYWKqrJpCwtHA=
github.com/decred/dcrwallet/deployments v1.1.0/go.mod h1:8Sasryu8SX23Jvqr6maZ7MoS7wFIGXupWzbsVtcZsUg=
github.com/decred/dcrwallet/errors v1.0.0/go.mod h1:XUm95dWmm9XmQGvneBXJkkIaFeRsQVBB6ni/KTy1hrY=
github.com/decred/dcrwallet/errors v1.0.1 h1:8EF7IY6twRlo9sqWaSfm8abfi2/rHZ1wacOiGvBy+bM=
github.com/decred/dcrwallet/errors v1.0.1/go.mod h1:XUm95dWmm9XmQGvneBXJkkIaFeRsQVBB6ni/KTy1hrY=
github.com/decred/dcrwallet/internal/helpers v1.0.0/go.mod h1:FsihtjCyFrGL6gdmkxBWTYQ1CUgbfM9tyinYNOzLnlk=
github.com/decred/dcrwallet/internal/helpers v1.0.1 h1:oEqfJPs1uI7QI0Aejx2MUWq/yD609cc9Z8P7vQ6cDz8=
github.com/decred/dcrwallet/internal/helpers v1.0.1/go.mod h1:qIXcze8VZ+A3sEgZou7PTOe4Vsnmks54SGTSGZ6084g=
github.com/decred/dcrwallet/internal/zero v1.0.0/go.mod h1:vULuNLRTcnifKCepcIxUDL4jrR3rJOwVR9UDH89Qpms=
github.com/decred/dcrwallet/internal/zero v1.0.1 h1:hO7orPk13AFp7pFTL739CbVLKImSNorI2J9/tiucNQY=
github.com/decred/dcrwallet/internal/zero v1.0.1/go.mod h1:mXUIsKATE1pIaNAJQ4lhSTX6c9N5sYoSrlScgRCaMJs=
github.com/decred/dcrwallet/lru v1.0.0 h1:vz71/Wa2890CUQeWsOTI6u6iGGfXGAhIQ/hnqMUh6Xc=
github.com/decred/dcrwallet/lru v1.0.0/go.mod h1:jEty7mdT5VaaV06DEV2Avv0R3HpGvUwvDW4lw8ECtiY=
github.com/decred/dcrwallet/p2p v1.0.0/go.mod h1:b1CLZAkl/K5dr5I5B4SdFT8FrE11jSkfA4VAA862ACA=
github.com/decred/dcrwallet/p2p v1.0.1 h1:UTsD5I8YtWVf2SEg0mSd5+hIlp7Ihj3rS2PZ9P5cXVI=
github.com/decred/dcrwallet/p2p v1.0.1/go.mod h1:FsoAR0cBOLW3VKMg+Tdx+wdSezR7g8NGOdz4fx6gtpM=
github.com/decred/dcrwallet/pgpwordlist v1.0.0 h1:H7Y3+yRZq7PXMPfpKLMnY5TKTjTWhc0oJmyN7v8tC/M=
github.com/decred/dcrwallet/pgpwordlist v1.0.0/go.mod h1:Fek3uYn+9DnEFIreA/8PnTIXUl2lBO64JpEBkL9BXtk=
github.com/decred/dcrwallet/rpc/jsonrpc/types v1.0.0 h1:FPVohgxZHHwi7qTOBki/Dw9j5cgGsZYiktGSfgqHR0w=
github.com/decred/dcrwallet/rpc/jsonrpc/types v1.0.0/go.mod h1:k+IOPnUY0YqlwhSDhczzaUN17NX/gMtztwl3UxKgVZY=
github.com/decred/dcrwallet/rpc/walletrpc v0.1.0/go.mod h1:Zp1ZFTCUo7S6MJvUyS5tYfaDUxGAMHkZ+vbsLgAdd4A=
github.com/decred/dcrwallet/rpc/walletrpc v1.0.1-0.20181109211527-ca582da21c08/go.mod h1:Zp1ZFTCUo7S6MJvUyS5tYfaDUxGAMHkZ+vbsLgAdd4A=
github.com/decred/dcrwallet/spv v1.0.0/go.mod h1:lz39nz9P/HVoxYa4XAT6ithyR3WgdF0oVu4jtFwnCxE=
github.com/decred/dcrwallet/spv v1.1.1 h1:G5yXkoiO4LOh3Ba+qvyUIjF2dChOXpiuRCPpjYzzhZw=
github.com/decred/dcrwallet/spv v1.1.1/go.mod h1:HYfF+A1F+Apf0WPT6QRsG/gfvaFQmWObAytq8pWc6ME=
github.com/decred/dcrwallet/ticketbuyer v1.0.0/go.mod h1:mrAlRjOJ6txO8Zyqo5koxVOMEYLK2POUX35a/QcKN8g=
github.com/decred/dcrwallet/ticketbuyer v1.0.2 h1:vEcUSwCGZolg8fxSJ8+mW2XCdZ6J9LtwxCxRPdcpbQk=
github.com/decred/dcrwallet/ticketbuyer v1.0.2/go.mod h1:oDHY0TOFIaQjZ11TJbgztC5tt1zi6wKoRmyQMmwfft4=
github.com/decred/dcrwallet/ticketbuyer/v2 v2.0.0/go.mod h1:VKo2PjXAlF/E46tSBKrIgqKbVcHVLfM5ACyOehT1unA=
github.com/decred/dcrwallet/ticketbuyer/v2 v2.0.1 h1:RLCly+fnbrMXzWVi4a4cUU2sGWi56e7UPJq9GHoe1iw=
github.com/decred/dcrwallet/ticketbuyer/v2 v2.0.1/go.mod h1:ngtx8I/+Jo+U+E/5XjwCkmU55wCGtUbaDnCP5qazNGM=
github.com/decred/dcrwallet/validate v1.0.0/go.mod h1:zHIlcrjAWl6LK+X+R7jc3F9wIM/qxjtMjG/mdEwt4tY=
github.com/decred/dcrwallet/validate v1.0.1/go.mod h1:9DCtLFnnTOC/7PKkF7jehvDyHkfUBl41ZbcT1u4PmQM=
github.com/decred/dcrwallet/validate v1.0.2 h1:EXY48b3SOkTGXJAB+OUmilvyFNROZywYIWTGYfUnTDE=
github.com/decred/dcrwallet/validate v1.0.2/go.mod h1:1ur2sRZkQ23ECalUKdwgx6rdIiP8rIiaSQAz1Y9LQsI=
github.com/decred/dcrwallet/version v1.0.0/go.mod h1:rXeMsUaI03WtlQrSol7Q7sJ8HBOB+tZvT7YQRXD5Y7M=
github.com/decred/dcrwallet/version v1.0.1 h1:gAz1lDkcJ+oAbg0tOn/J0KwZBVWIlhWmHhSUi9GbB2E=
github.com/decred/dcrwallet/version v1.0.1/go.mod h1:rXeMsUaI03WtlQrSol7Q7sJ8HBOB+tZvT7YQRXD5Y7M=
github.com/decred/dcrwallet/wallet v1.0.0/go.mod h1:VWRnpNFRiKPo7FUPbzj0t5ElcGxNXMPIa4vGcGe94uM=
github.com/decred/dcrwallet/wallet v1.1.0/go.mod h1:g4OzDG7jpsRqTDP3bHiA0LIEZFx81accYPCkO1DBNT8=
github.com/decred/dcrwallet/wallet v1.2.3 h1:iQErxoEfm13XmgWQ5HKFbHwYjFcNO3jTiuNpZuAvI7A=
github.com/decred/dcrwallet/wallet v1.2.3/go.mod h1:ItOhnw3C4znuLQVWACSq8jCLy221v9X0Xo0b/j5WqgU=
github.com/decred/dcrwallet/wallet v1.3.0/go.mod h1:ItOhnw3C4znuLQVWACSq8jCLy221v9X0Xo0b/j5WqgU=
github.com/decred/dcrwallet/walletseed v1.0.0/go.mod h1:xSF6hZW+5Xhm0jJFsI5jQSfViuZUQJoDXa/cQxtgncs=
github.com/decred/dcrwallet/walletseed v1.0.1 h1:gxvlj0GRw+H0VumCxTlEysu+/nltcp9+lgzVgzsnI/Y=
github.com/decred/dcrwallet/walletseed v1.0.1/go.mod h1:ENlwTabC2JVmT4S1eCP44fnwX4+9y2RLsnfSU21CJ+4=
github.com/decred/slog v1.0.0 h1:Dl+W8O6/JH6n2xIFN2p3DNjCmjYwvrXsjlSJTQQ4MhE=
github.com/decred/slog v1.0.0/go.mod h1:zR98rEZHSnbZ4WHZtO0iqmSZjDLKhkXfrPTZQKtAonQ=
github.com/dgraph-io/badger v1.5.4 h1:gVTrpUTbbr/T24uvoCaqY2KSHfNLVGm0w+hbee2HMeg=
github.com/dgraph-io/badger v1.5.4/go.mod h1:VZxzAIRPHRVNRKRo6AXrX9BJegn6il06VMTZVJYCIjQ=
github.com/dgryski/go-farm v0.0.0-20190104051053-3adb47b1fb0f h1:dDxpBYafY/GYpcl+LS4Bn3ziLPuEdGRkRjYAbSlWxSA=
github.com/dgryski/go-farm v0.0.0-20190104051053-3adb47b1fb0f/go.mod h1:SqUrOPUnsFjfmXRMNPybcSiG0BgUW2AuFH8PAnS2iTw=
github.com/fsnotify/fsnotify v1.4.7/go.mod h1:jwhsz4b93w/PPRr/qN1Yymfu8t87LnFCMoQvtojpjFo=
github.com/gdamore/encoding v1.0.0/go.mod h1:alR0ol34c49FCSBLjhosxzcPHQbf2trDkoo5dl+VrEg=
github.com/gdamore/tcell v1.1.1/go.mod h1:K1udHkiR3cOtlpKG5tZPD5XxrF7v2y7lDq7Whcj+xkQ=
github.com/go-chi/chi v4.0.2+incompatible/go.mod h1:eB3wogJHnLi3x/kFX2A+IbTBlXxmMeXJVKy9tTv1XzQ=
github.com/go-gl/gl v0.0.0-20181026044259-55b76b7df9d2 h1:78Hza2KHn2PX1jdydQnffaU2A/xM0g3Nx1xmMdep9Gk=
github.com/go-gl/gl v0.0.0-20181026044259-55b76b7df9d2/go.mod h1:482civXOzJJCPzJ4ZOX/pwvXBWSnzD4OKMdH4ClKGbk=
github.com/go-gl/gl v0.0.0-20190320180904-bf2b1f2f34d7/go.mod h1:482civXOzJJCPzJ4ZOX/pwvXBWSnzD4OKMdH4ClKGbk=
github.com/go-gl/glfw v0.0.0-20181213070059-819e8ce5125f h1:7MsFMbSn8Lcw0blK4+NEOf8DuHoOBDhJsHz04yh13pM=
github.com/go-gl/glfw v0.0.0-20181213070059-819e8ce5125f/go.mod h1:vR7hzQXu2zJy9AVAgeJqvqgH9Q5CA+iKCZ2gyEVpxRU=
github.com/go-gl/glfw v0.0.0-20190409004039-e6da0acd62b1/go.mod h1:vR7hzQXu2zJy9AVAgeJqvqgH9Q5CA+iKCZ2gyEVpxRU=
github.com/gobuffalo/envy v1.7.0 h1:GlXgaiBkmrYMHco6t4j7SacKO4XUjvh5pwXh0f4uxXU=
github.com/gobuffalo/envy v1.7.0/go.mod h1:n7DRkBerg/aorDM8kbduw5dN3oXGswK5liaSCx4T5NI=
github.com/gobuffalo/logger v1.0.0 h1:xw9Ko9EcC5iAFprrjJ6oZco9UpzS5MQ4jAwghsLHdy4=
github.com/gobuffalo/logger v1.0.0/go.mod h1:2zbswyIUa45I+c+FLXuWl9zSWEiVuthsk8ze5s8JvPs=
github.com/gobuffalo/packd v0.3.0 h1:eMwymTkA1uXsqxS0Tpoop3Lc0u3kTfiMBE6nKtQU4g4=
github.com/gobuffalo/packd v0.3.0/go.mod h1:zC7QkmNkYVGKPw4tHpBQ+ml7W/3tIebgeo1b36chA3Q=
github.com/gobuffalo/packr/v2 v2.6.0 h1:EMUzJIb5rof6r087PtGmgdzdLKpRBESJ/8jyL9MexfY=
github.com/gobuffalo/packr/v2 v2.6.0/go.mod h1:sgEE1xNZ6G0FNN5xn9pevVu4nywaxHvgup67xisti08=
github.com/goki/freetype v0.0.0-20181231101311-fa8a33aabaff h1:W71vTCKoxtdXgnm1ECDFkfQnpdqAO00zzGXLA5yaEX8=
github.com/goki/freetype v0.0.0-20181231101311-fa8a33aabaff/go.mod h1:wfqRWLHRBsRgkp5dmbG56SA0DmVtwrF5N3oPdI8t+Aw=
github.com/golang/freetype v0.0.0-20161208064710-d9be45aaf745/go.mod h1:E/TSTwGwJL78qG/PmXZO1EjYhfJinVAhrmmHX6Z8B9k=
github.com/golang/freetype v0.0.0-20170609003504-e2365dfdc4a0 h1:DACJavvAHhabrF08vX0COfcOBJRhZ8lUbR+ZWIs0Y5g=
github.com/golang/freetype v0.0.0-20170609003504-e2365dfdc4a0/go.mod h1:E/TSTwGwJL78qG/PmXZO1EjYhfJinVAhrmmHX6Z8B9k=
github.com/golang/glog v0.0.0-20160126235308-23def4e6c14b/go.mod h1:SBH7ygxi8pfUlaOkMMuAQtPIUF8ecWP5IEl/CR7VP2Q=
github.com/golang/mock v1.1.1/go.mod h1:oTYuIxOrZwtPieC+H1uAHpcLFnEyAGVDL/k47Jfbm0A=
github.com/golang/protobuf v1.1.0/go.mod h1:6lQm79b+lXiMfvg/cZm0SGofjICqVBUtrP5yJMmIC1U=
github.com/golang/protobuf v1.2.0/go.mod h1:6lQm79b+lXiMfvg/cZm0SGofjICqVBUtrP5yJMmIC1U=
github.com/golang/protobuf v1.3.1 h1:YF8+flBXS5eO826T4nzqPrxfhQThhXl0YzfuUPu4SBg=
github.com/golang/protobuf v1.3.1/go.mod h1:6lQm79b+lXiMfvg/cZm0SGofjICqVBUtrP5yJMmIC1U=
github.com/golang/snappy v0.0.0-20180518054509-2e65f85255db/go.mod h1:/XxbfmMg8lxefKM7IXC3fBNl/7bRcc72aCRzEWrmP2Q=
github.com/gorilla/websocket v1.2.0 h1:VJtLvh6VQym50czpZzx07z/kw9EgAxI3x1ZB8taTMQQ=
github.com/gorilla/websocket v1.2.0/go.mod h1:E7qHFY5m1UJ88s3WnNqhKjPHQ0heANvMoAMk2YaljkQ=
github.com/gorilla/websocket v1.4.0 h1:WDFjx/TMzVgy9VdMMQi2K2Emtwi2QcUQsztZ/zLaH/Q=
github.com/gorilla/websocket v1.4.0/go.mod h1:E7qHFY5m1UJ88s3WnNqhKjPHQ0heANvMoAMk2YaljkQ=
github.com/hashicorp/golang-lru v0.0.0-20160813221303-0a025b7e63ad/go.mod h1:/m3WP610KZHVQ1SGc6re/UDhFvYD7pJ4Ao+sR/qLZy8=
github.com/hashicorp/hcl v1.0.0/go.mod h1:E5yfLk+7swimpb2L/Alb/PJmXilQ/rhwaUYs4T20WEQ=
github.com/hpcloud/tail v1.0.0/go.mod h1:ab1qPbhIpdTxEkNHXyeSf5vhxWSCs/tWer42PpOxQnU=
github.com/inconshreveable/mousetrap v1.0.0/go.mod h1:PxqpIevigyE2G7u3NXJIT2ANytuPF1OarO4DADm73n8=
github.com/jackmordaunt/icns v0.0.0-20181231085925-4f16af745526/go.mod h1:UQkeMHVoNcyXYq9otUupF7/h/2tmHlhrS2zw7ZVvUqc=
github.com/jessevdk/go-flags v1.4.0/go.mod h1:4FA24M0QyGHXBuZZK/XkWh8h0e1EYbRYJSGM75WSRxI=
github.com/joho/godotenv v1.3.0 h1:Zjp+RcGpHhGlrMbJzXTrZZPrWj+1vfm90La1wgB6Bhc=
github.com/joho/godotenv v1.3.0/go.mod h1:7hK45KPybAkOC6peb+G5yklZfMxEjkZhHbwpqxOKXbg=
github.com/josephspurrier/goversioninfo v0.0.0-20190124120936-8611f5a5ff3f/go.mod h1:eJTEwMjXb7kZ633hO3Ln9mBUCOjX2+FlTljvpl9SYdE=
github.com/jrick/bitset v1.0.0 h1:Ws0PXV3PwXqWK2n7Vz6idCdrV/9OrBXgHEJi27ZB9Dw=
github.com/jrick/bitset v1.0.0/go.mod h1:ZOYB5Uvkla7wIEY4FEssPVi3IQXa02arznRaYaAEPe4=
github.com/jrick/logrotate v1.0.0 h1:lQ1bL/n9mBNeIXoTUoYRlK4dHuNJVofX9oWqBtPnSzI=
github.com/jrick/logrotate v1.0.0/go.mod h1:LNinyqDIJnpAur+b8yyulnQw/wDuN1+BYKlTRt3OuAQ=
github.com/karrick/godirwalk v1.10.12 h1:BqUm+LuJcXjGv1d2mj3gBiQyrQ57a0rYoAmhvJQ7RDU=
github.com/karrick/godirwalk v1.10.12/go.mod h1:RoGL9dQei4vP9ilrpETWE8CLOZ1kiN0LhBygSwrAsHA=
github.com/konsorten/go-windows-terminal-sequences v1.0.1/go.mod h1:T0+1ngSBFLxvqU3pZ+m/2kptfBszLMUkC4ZK/EgS/cQ=
github.com/konsorten/go-windows-terminal-sequences v1.0.2/go.mod h1:T0+1ngSBFLxvqU3pZ+m/2kptfBszLMUkC4ZK/EgS/cQ=
github.com/kr/pretty v0.1.0/go.mod h1:dAy3ld7l9f0ibDNOQOHHMYYIIbhfbHSm3C4ZsoJORNo=
github.com/kr/pty v1.1.1/go.mod h1:pFQYn66WHrOpPYNljwOMqo10TkYh1fy3cYio2l3bCsQ=
github.com/kr/pty v1.1.2/go.mod h1:pFQYn66WHrOpPYNljwOMqo10TkYh1fy3cYio2l3bCsQ=
github.com/kr/text v0.1.0/go.mod h1:4Jbv+DJW3UT/LiOwJeYQe1efqtUx/iVham/4vfdArNI=
github.com/lucasb-eyer/go-colorful v0.0.0-20181028223441-12d3b2882a08/go.mod h1:NXg0ArsFk0Y01623LgUqoqcouGDB+PwCCQlrwrG6xJ4=
github.com/magiconair/properties v1.8.0/go.mod h1:PppfXfuXeibc/6YijjN8zIbojt8czPbwD3XqdrwzmxQ=
github.com/mattn/go-runewidth v0.0.4/go.mod h1:LwmH8dsx7+W8Uxz3IHJYH5QSwggIsqBzpuz5H//U1FU=
github.com/mitchellh/go-homedir v1.1.0/go.mod h1:SfyaCUpYCn1Vlf4IUYiD9fPX4A5wJrkLzIz1N1q0pr0=
github.com/mitchellh/mapstructure v1.1.2/go.mod h1:FVVH3fgwuzCH5S8UJGiWEs2h04kUh9fWfEaFds41c1Y=
github.com/nfnt/resize v0.0.0-20180221191011-83c6a9932646/go.mod h1:jpp1/29i3P1S/RLdc7JQKbRpFeM1dOBd8T9ki5s+AY8=
github.com/onsi/ginkgo v1.6.0/go.mod h1:lLunBs/Ym6LB5Z9jYTR76FiuTmxDTDusOGeTQH+WWjE=
github.com/onsi/ginkgo v1.7.0/go.mod h1:lLunBs/Ym6LB5Z9jYTR76FiuTmxDTDusOGeTQH+WWjE=
github.com/onsi/ginkgo v1.8.0/go.mod h1:lLunBs/Ym6LB5Z9jYTR76FiuTmxDTDusOGeTQH+WWjE=
github.com/onsi/gomega v1.4.1/go.mod h1:C1qb7wdrVGGVU+Z6iS04AVkA3Q65CEZX59MT0QO5uiA=
github.com/onsi/gomega v1.4.3/go.mod h1:ex+gbHU/CVuBBDIJjb2X0qEXbFg53c61hWP/1CpauHY=
github.com/onsi/gomega v1.5.0/go.mod h1:ex+gbHU/CVuBBDIJjb2X0qEXbFg53c61hWP/1CpauHY=
github.com/pelletier/go-toml v1.2.0/go.mod h1:5z9KED0ma1S8pY6P1sdut58dfprrGBbd/94hg7ilaic=
github.com/pkg/errors v0.8.0/go.mod h1:bwawxfHBFNV+L2hUp1rHADufV3IMtnDRdf1r5NINEl0=
github.com/pkg/errors v0.8.1 h1:iURUrRGxPUNPdy5/HRSm+Yj6okJ6UtLINN0Q9M4+h3I=
github.com/pkg/errors v0.8.1/go.mod h1:bwawxfHBFNV+L2hUp1rHADufV3IMtnDRdf1r5NINEl0=
github.com/pmezard/go-difflib v1.0.0/go.mod h1:iKH77koFhYxTK1pcRnkKkqfTogsbg7gZNVY4sRDYZ/4=
github.com/raedahgroup/dcrlibwallet v1.0.1-0.20190807181808-37b6666fe764/go.mod h1:7BxsN3VU3KWUt9R8eHgrBI88kE7/WWSfN0yl0vU1SM8=
github.com/raedahgroup/dcrlibwallet v1.1.0 h1:UeOqLi3h9oQGUlhwwmCspJlEAPD2IfrHdu5EPtph54w=
github.com/raedahgroup/dcrlibwallet v1.1.0/go.mod h1:szxgNhCQ/GRyFpmkfYi3T3ZkXPx9Hm9j0EnjaBfJK/o=
github.com/raedahgroup/dcrlibwallet v1.1.1-0.20190911210329-068758c38d77 h1:cGSRi6zwgpXGmCYCAkEDgX6XdO4Y4MwdFa7LCKDzQ/8=
github.com/raedahgroup/dcrlibwallet v1.1.1-0.20190911210329-068758c38d77/go.mod h1:6AGgglq9BB0twJnZnHvfH8hIQrbw6yBJSPp9QI+hBk0=
github.com/raedahgroup/dcrlibwallet v1.1.1-0.20190928085114-bcc6e6b7769a h1:BvFVstGjzuNeFsNTmAZCfPxK2u51EGQVAdFKCauqaNE=
github.com/raedahgroup/dcrlibwallet v1.1.1-0.20190928085114-bcc6e6b7769a/go.mod h1:6AGgglq9BB0twJnZnHvfH8hIQrbw6yBJSPp9QI+hBk0=
github.com/raedahgroup/dcrseedgen v0.0.0-20190903182641-0cb9eeab9be9 h1:izhDrWueLNSM6ts4KcLrtrdSuhPWD+P2UNiawY1NAeM=
github.com/raedahgroup/dcrseedgen v0.0.0-20190903182641-0cb9eeab9be9/go.mod h1:8uKhuW21udeVtsnfmWJVXLHMwReYb7gXypZ70t+6NPY=
github.com/raedahgroup/godcr v0.0.0-20190904090857-0b0e4e4d418e h1:COoahDOspffo0n+E/x9dzHMu6pI9clopPa4jWQA+MLw=
github.com/raedahgroup/godcr v0.0.0-20190904090857-0b0e4e4d418e/go.mod h1:pn/6eTayjXPhIzbVYMPuwRzRcjszh9W+NL/T0VZ4VwI=
github.com/rivo/tview v0.0.0-20190113120821-e5e361b9d790/go.mod h1:J4W+hErFfITUbyFAEXizpmkuxX7ZN56dopxHB4XQhMw=
github.com/rogpeppe/go-internal v1.1.0/go.mod h1:M8bDsm7K2OlrFYOpmOWEs/qY81heoFRclV5y23lUDJ4=
github.com/rogpeppe/go-internal v1.3.0 h1:RR9dF3JtopPvtkroDZuVD7qquD0bnHlKSqaQhgwt8yk=
github.com/rogpeppe/go-internal v1.3.0/go.mod h1:M8bDsm7K2OlrFYOpmOWEs/qY81heoFRclV5y23lUDJ4=
github.com/russross/blackfriday v1.5.2/go.mod h1:JO/DiYxRf+HjHt06OyowR9PTA263kcR/rfWxYHBV53g=
github.com/sirupsen/logrus v1.4.2 h1:SPIRibHv4MatM3XXNO2BJeFLZwZ2LvZgfQ5+UNI2im4=
github.com/sirupsen/logrus v1.4.2/go.mod h1:tLMulIdttU9McNUspp0xgXVQah82FyeX6MwdIuYE2rE=
github.com/skip2/go-qrcode v0.0.0-20190110000554-dc11ecdae0a9/go.mod h1:PLPIyL7ikehBD1OAjmKKiOEhbvWyHGaNDjquXMcYABo=
github.com/spf13/afero v1.1.2/go.mod h1:j4pytiNVoe2o6bmDsKpLACNPDBIoEAkihy7loJ1B0CQ=
github.com/spf13/cast v1.3.0/go.mod h1:Qx5cxh0v+4UWYiBimWS+eyWzqEqokIECu5etghLkUJE=
github.com/spf13/cobra v0.0.5/go.mod h1:3K3wKZymM7VvHMDS9+Akkh4K60UwM26emMESw8tLCHU=
github.com/spf13/jwalterweatherman v1.0.0/go.mod h1:cQK4TGJAtQXfYWX+Ddv3mKDzgVb68N+wFjFa4jdeBTo=
github.com/spf13/pflag v1.0.3/go.mod h1:DYY7MBk1bdzusC3SYhjObp+wFpr4gzcvqqNjLnInEg4=
github.com/spf13/viper v1.3.2/go.mod h1:ZiWeW+zYFKm7srdB9IoDzzZXaJaI5eL9QjNiN/DMA2s=
github.com/srwiley/oksvg v0.0.0-20190105194046-ccbc7673cdf3 h1:8REQ/vZZIZFaZedUSHd7TVkK0CF4heqGtmyz30gCxm8=
github.com/srwiley/oksvg v0.0.0-20190105194046-ccbc7673cdf3/go.mod h1:afMbS0qvv1m5tfENCwnOdZGOF8RGR/FsZ7bvBxQGZG4=
github.com/srwiley/oksvg v0.0.0-20190414003808-c520f0a6c5cc/go.mod h1:afMbS0qvv1m5tfENCwnOdZGOF8RGR/FsZ7bvBxQGZG4=
github.com/srwiley/rasterx v0.0.0-20181219215540-696f7edb7a7e h1:FFotfUvew9Eg02LYRl8YybAnm0HCwjjfY5JlOI1oB00=
github.com/srwiley/rasterx v0.0.0-20181219215540-696f7edb7a7e/go.mod h1:mvWM0+15UqyrFKqdRjY6LuAVJR0HOVhJlEgZ5JWtSWU=
github.com/stretchr/objx v0.1.0/go.mod h1:HFkY916IF+rwdDfMAkV7OtwuqBVzrE8GR6GFx+wExME=
github.com/stretchr/objx v0.1.1/go.mod h1:HFkY916IF+rwdDfMAkV7OtwuqBVzrE8GR6GFx+wExME=
github.com/stretchr/testify v1.2.2/go.mod h1:a8OnRcib4nhh0OaRAV+Yts87kKdq0PP7pXfy6kDkUVs=
github.com/stretchr/testify v1.3.0/go.mod h1:M5WIy9Dh21IEIfnGCwXGc5bZfKNJtfHm1UVUgZn+9EI=
github.com/stretchr/testify v1.3.1-0.20190311161405-34c6fa2dc709/go.mod h1:M5WIy9Dh21IEIfnGCwXGc5bZfKNJtfHm1UVUgZn+9EI=
github.com/ugorji/go/codec v0.0.0-20181204163529-d75b2dcb6bc8/go.mod h1:VFNgLljTbGfSG7qAOspJ7OScBnGdDN/yBr0sguwnwf0=
github.com/vmihailenco/msgpack v4.0.1+incompatible/go.mod h1:fy3FlTQTDXWkZ7Bh6AcGMlsjHatGryHQYUTf1ShIgkk=
github.com/xordataexchange/crypt v0.0.3-0.20170626215501-b2862e3d0a77/go.mod h1:aYKd//L2LvnjZzWKhF00oedf4jCCReLcmhLdhm1A27Q=
go.etcd.io/bbolt v1.3.0 h1:oY10fI923Q5pVCVt1GBTZMn8LHo5M+RCInFpeMnV4QI=
go.etcd.io/bbolt v1.3.0/go.mod h1:IbVyRI1SCnLcuJnV2u8VeU0CEYM7e686BmAb1XKL+uU=
golang.org/x/crypto v0.0.0-20180718160520-a2144134853f/go.mod h1:6SG95UA2DQfeDnfUPMdvaQW0Q7yPrPDi9nlGo2tz2b4=
golang.org/x/crypto v0.0.0-20180808211826-de0752318171/go.mod h1:6SG95UA2DQfeDnfUPMdvaQW0Q7yPrPDi9nlGo2tz2b4=
golang.org/x/crypto v0.0.0-20181203042331-505ab145d0a9/go.mod h1:6SG95UA2DQfeDnfUPMdvaQW0Q7yPrPDi9nlGo2tz2b4=
golang.org/x/crypto v0.0.0-20190131182504-b8fe1690c613/go.mod h1:6SG95UA2DQfeDnfUPMdvaQW0Q7yPrPDi9nlGo2tz2b4=
golang.org/x/crypto v0.0.0-20190308221718-c2843e01d9a2/go.mod h1:djNgcEr1/C05ACkg1iLfiJU5Ep61QUkGW8qpdssI0+w=
golang.org/x/crypto v0.0.0-20190325154230-a5d413f7728c/go.mod h1:djNgcEr1/C05ACkg1iLfiJU5Ep61QUkGW8qpdssI0+w=
golang.org/x/crypto v0.0.0-20190426145343-a29dc8fdc734/go.mod h1:yigFU9vqHzYiE8UmvKecakEJjdnWj3jj499lnFckfCI=
golang.org/x/crypto v0.0.0-20190611184440-5c40567a22f8 h1:1wopBVtVdWnn03fZelqdXTqk7U7zPQCb+T4rbU9ZEoU=
golang.org/x/crypto v0.0.0-20190611184440-5c40567a22f8/go.mod h1:yigFU9vqHzYiE8UmvKecakEJjdnWj3jj499lnFckfCI=
golang.org/x/crypto v0.0.0-20190621222207-cc06ce4a13d4 h1:ydJNl0ENAG67pFbB+9tfhiL2pYqLhfoaZFw/cjLhY4A=
golang.org/x/crypto v0.0.0-20190621222207-cc06ce4a13d4/go.mod h1:yigFU9vqHzYiE8UmvKecakEJjdnWj3jj499lnFckfCI=
golang.org/x/exp v0.0.0-20190121172915-509febef88a4/go.mod h1:CJ0aWSM057203Lf6IL+f9T1iT9GByDxfZKAQTCR3kQA=
golang.org/x/exp v0.0.0-20190306152737-a1d7652674e8/go.mod h1:CJ0aWSM057203Lf6IL+f9T1iT9GByDxfZKAQTCR3kQA=
golang.org/x/exp v0.0.0-20190510132918-efd6b22b2522/go.mod h1:ZjyILWgesfNpC6sMxTJOJm9Kp84zZh5NQWvqDGG3Qr8=
golang.org/x/image v0.0.0-20181116024801-cd38e8056d9b h1:VHyIDlv3XkfCa5/a81uzaoDkHH4rr81Z62g+xlnO8uM=
golang.org/x/image v0.0.0-20181116024801-cd38e8056d9b/go.mod h1:ux5Hcp/YLpHSI86hEcLt0YII63i6oz57MZXIpbrjZUs=
golang.org/x/image v0.0.0-20190227222117-0694c2d4d067/go.mod h1:kZ7UVZpmo3dzQBMxlp+ypCbDeSB+sBbTgSJuh5dn5js=
golang.org/x/image v0.0.0-20190501045829-6d32002ffd75/go.mod h1:kZ7UVZpmo3dzQBMxlp+ypCbDeSB+sBbTgSJuh5dn5js=
golang.org/x/image v0.0.0-20190703141733-d6a02ce849c9 h1:uc17S921SPw5F2gJo7slQ3aqvr2RwpL7eb3+DZncu3s=
golang.org/x/image v0.0.0-20190703141733-d6a02ce849c9/go.mod h1:FeLwcggjj3mMvU+oOTbSwawSJRM1uh48EjtB4UJZlP0=
golang.org/x/lint v0.0.0-20181026193005-c67002cb31c3/go.mod h1:UVdnD1Gm6xHRNCYTkRU2/jEulfH38KcIWyp/GAMgvoE=
golang.org/x/lint v0.0.0-20190227174305-5b3e6a55c961/go.mod h1:wehouNa3lNwaWXcvxsM5YxQ5yQlVC4a0KAMCusXpPoU=
golang.org/x/mobile v0.0.0-20190312151609-d3739f865fa6/go.mod h1:z+o9i4GpDbdi3rU15maQ/Ox0txvL9dWGYEHz965HBQE=
golang.org/x/mobile v0.0.0-20190318164015-6bd122906c08/go.mod h1:E/iHnbuqvinMTCcRqshq8CkpyQDoeVncDDYHnLhea+o=
golang.org/x/net v0.0.0-20180719180050-a680a1efc54d/go.mod h1:mL1N/T3taQHkDXs73rZJwtUhF3w3ftmwwsq0BUmARs4=
golang.org/x/net v0.0.0-20180724234803-3673e40ba225/go.mod h1:mL1N/T3taQHkDXs73rZJwtUhF3w3ftmwwsq0BUmARs4=
golang.org/x/net v0.0.0-20180808004115-f9ce57c11b24/go.mod h1:mL1N/T3taQHkDXs73rZJwtUhF3w3ftmwwsq0BUmARs4=
golang.org/x/net v0.0.0-20180826012351-8a410e7b638d/go.mod h1:mL1N/T3taQHkDXs73rZJwtUhF3w3ftmwwsq0BUmARs4=
golang.org/x/net v0.0.0-20180906233101-161cd47e91fd/go.mod h1:mL1N/T3taQHkDXs73rZJwtUhF3w3ftmwwsq0BUmARs4=
golang.org/x/net v0.0.0-20181220203305-927f97764cc3/go.mod h1:mL1N/T3taQHkDXs73rZJwtUhF3w3ftmwwsq0BUmARs4=
golang.org/x/net v0.0.0-20190125091013-d26f9f9a57f3/go.mod h1:mL1N/T3taQHkDXs73rZJwtUhF3w3ftmwwsq0BUmARs4=
golang.org/x/net v0.0.0-20190213061140-3a22650c66bd/go.mod h1:mL1N/T3taQHkDXs73rZJwtUhF3w3ftmwwsq0BUmARs4=
golang.org/x/net v0.0.0-20190311183353-d8887717615a/go.mod h1:t9HGtf8HONx5eT2rtn7q6eTqICYqUVnKs3thJo3Qplg=
golang.org/x/net v0.0.0-20190404232315-eb5bcb51f2a3/go.mod h1:t9HGtf8HONx5eT2rtn7q6eTqICYqUVnKs3thJo3Qplg=
golang.org/x/net v0.0.0-20190420063019-afa5a82059c6 h1:HdqqaWmYAUI7/dmByKKEw+yxDksGSo+9GjkUc9Zp34E=
golang.org/x/net v0.0.0-20190420063019-afa5a82059c6/go.mod h1:t9HGtf8HONx5eT2rtn7q6eTqICYqUVnKs3thJo3Qplg=
golang.org/x/net v0.0.0-20190503192946-f4e77d36d62c/go.mod h1:t9HGtf8HONx5eT2rtn7q6eTqICYqUVnKs3thJo3Qplg=
golang.org/x/oauth2 v0.0.0-20180821212333-d2e6202438be/go.mod h1:N/0e6XlmueqKjAGxoOufVs8QHGRruUQn6yWY3a++T0U=
golang.org/x/sync v0.0.0-20180314180146-1d60e4601c6f/go.mod h1:RxMgew5VJxzue5/jJTE5uejpjVlOe/izrB70Jof72aM=
golang.org/x/sync v0.0.0-20181108010431-42b317875d0f/go.mod h1:RxMgew5VJxzue5/jJTE5uejpjVlOe/izrB70Jof72aM=
golang.org/x/sync v0.0.0-20181221193216-37e7f081c4d4/go.mod h1:RxMgew5VJxzue5/jJTE5uejpjVlOe/izrB70Jof72aM=
golang.org/x/sync v0.0.0-20190227155943-e225da77a7e6/go.mod h1:RxMgew5VJxzue5/jJTE5uejpjVlOe/izrB70Jof72aM=
golang.org/x/sync v0.0.0-20190423024810-112230192c58 h1:8gQV6CLnAEikrhgkHFbMAEhagSSnXWGV915qUMm9mrU=
golang.org/x/sync v0.0.0-20190423024810-112230192c58/go.mod h1:RxMgew5VJxzue5/jJTE5uejpjVlOe/izrB70Jof72aM=
golang.org/x/sys v0.0.0-20180810070207-f0d5e33068cb/go.mod h1:STP8DvDyc/dI5b8T5hshtkjS+E42TnysNCUPdjciGhY=
golang.org/x/sys v0.0.0-20180816055513-1c9583448a9c/go.mod h1:STP8DvDyc/dI5b8T5hshtkjS+E42TnysNCUPdjciGhY=
golang.org/x/sys v0.0.0-20180830151530-49385e6e1522/go.mod h1:STP8DvDyc/dI5b8T5hshtkjS+E42TnysNCUPdjciGhY=
golang.org/x/sys v0.0.0-20180909124046-d0be0721c37e/go.mod h1:STP8DvDyc/dI5b8T5hshtkjS+E42TnysNCUPdjciGhY=
golang.org/x/sys v0.0.0-20181205085412-a5c9d58dba9a/go.mod h1:STP8DvDyc/dI5b8T5hshtkjS+E42TnysNCUPdjciGhY=
golang.org/x/sys v0.0.0-20181206074257-70b957f3b65e/go.mod h1:STP8DvDyc/dI5b8T5hshtkjS+E42TnysNCUPdjciGhY=
golang.org/x/sys v0.0.0-20181212120007-b05ddf57801d/go.mod h1:STP8DvDyc/dI5b8T5hshtkjS+E42TnysNCUPdjciGhY=
golang.org/x/sys v0.0.0-20190203050204-7ae0202eb74c/go.mod h1:STP8DvDyc/dI5b8T5hshtkjS+E42TnysNCUPdjciGhY=
golang.org/x/sys v0.0.0-20190215142949-d0b11bdaac8a/go.mod h1:STP8DvDyc/dI5b8T5hshtkjS+E42TnysNCUPdjciGhY=
golang.org/x/sys v0.0.0-20190312061237-fead79001313/go.mod h1:h1NjWce9XRLGQEsW7wpKNCjG9DtNlClVuFLEZdDNbEs=
golang.org/x/sys v0.0.0-20190402142545-baf5eb976a8c/go.mod h1:h1NjWce9XRLGQEsW7wpKNCjG9DtNlClVuFLEZdDNbEs=
golang.org/x/sys v0.0.0-20190412213103-97732733099d/go.mod h1:h1NjWce9XRLGQEsW7wpKNCjG9DtNlClVuFLEZdDNbEs=
golang.org/x/sys v0.0.0-20190422165155-953cdadca894 h1:Cz4ceDQGXuKRnVBDTS23GTn/pU5OE2C0WrNTOYK1Uuc=
golang.org/x/sys v0.0.0-20190422165155-953cdadca894/go.mod h1:h1NjWce9XRLGQEsW7wpKNCjG9DtNlClVuFLEZdDNbEs=
golang.org/x/sys v0.0.0-20190502175342-a43fa875dd82/go.mod h1:h1NjWce9XRLGQEsW7wpKNCjG9DtNlClVuFLEZdDNbEs=
golang.org/x/sys v0.0.0-20190515120540-06a5c4944438 h1:khxRGsvPk4n2y8I/mLLjp7e5dMTJmH75wvqS6nMwUtY=
golang.org/x/sys v0.0.0-20190515120540-06a5c4944438/go.mod h1:h1NjWce9XRLGQEsW7wpKNCjG9DtNlClVuFLEZdDNbEs=
golang.org/x/sys v0.0.0-20190813064441-fde4db37ae7a h1:aYOabOQFp6Vj6W1F80affTUvO9UxmJRx8K0gsfABByQ=
golang.org/x/sys v0.0.0-20190813064441-fde4db37ae7a/go.mod h1:h1NjWce9XRLGQEsW7wpKNCjG9DtNlClVuFLEZdDNbEs=
golang.org/x/text v0.3.0 h1:g61tztE5qeGQ89tm6NTjjM9VPIm088od1l6aSorWRWg=
golang.org/x/text v0.3.0/go.mod h1:NqM8EUOU14njkJ3fqMW+pc6Ldnwhi/IjpwHt7yyuwOQ=
golang.org/x/text v0.3.2/go.mod h1:bEr9sfX3Q8Zfm5fL9x+3itogRgK3+ptLWKqgva+5dAk=
golang.org/x/tools v0.0.0-20180917221912-90fa682c2a6e/go.mod h1:n7NCudcB/nEzxVGmLbDWY5pfWTLqBcC2KZ6jyYvM4mQ=
golang.org/x/tools v0.0.0-20190114222345-bf090417da8b/go.mod h1:n7NCudcB/nEzxVGmLbDWY5pfWTLqBcC2KZ6jyYvM4mQ=
golang.org/x/tools v0.0.0-20190226205152-f727befe758c/go.mod h1:9Yl7xja0Znq3iFh3HoIrodX9oNMXvdceNzlUR8zjMvY=
golang.org/x/tools v0.0.0-20190312151545-0bb0c0a6e846/go.mod h1:LCzVGOaR6xXOjkQ3onu1FJEFr0SW1gC7cKk1uF8kGRs=
golang.org/x/tools v0.0.0-20190628153133-6cdbf07be9d0/go.mod h1:/rFqwRUd4F7ZHNgwSSTFct+R/Kf4OFW1sUzUTQQTgfc=
google.golang.org/appengine v1.1.0/go.mod h1:EbEs0AVv82hx2wNQdGPgUI5lhzA/G0D9YwlJXL52JkM=
google.golang.org/appengine v1.4.0/go.mod h1:xpcJRLb0r/rnEns0DIKYYv+WjYCduHsrkT7/EB5XEv4=
google.golang.org/appengine v1.5.0/go.mod h1:xpcJRLb0r/rnEns0DIKYYv+WjYCduHsrkT7/EB5XEv4=
google.golang.org/genproto v0.0.0-20180808183934-383e8b2c3b9e/go.mod h1:JiN7NxoALGmiZfu7CAH4rXhgtRTLTxftemlI0sWmxmc=
google.golang.org/genproto v0.0.0-20180817151627-c66870c02cf8/go.mod h1:JiN7NxoALGmiZfu7CAH4rXhgtRTLTxftemlI0sWmxmc=
google.golang.org/genproto v0.0.0-20190404172233-64821d5d2107/go.mod h1:VzzqZJRnGkLBvHegQrXjBqPurQTc5/KpmUdxsrq26oE=
google.golang.org/grpc v1.14.0/go.mod h1:yo6s7OP7yaDglbqo1J04qKzAhqBH6lvTonzMVmEdcZw=
google.golang.org/grpc v1.19.0/go.mod h1:mqu4LbDTu4XGKhr4mRzUsmM4RtVoemTSY81AxZiDr8c=
gopkg.in/DATA-DOG/go-sqlmock.v1 v1.3.0/go.mod h1:OdE7CF6DbADk7lN8LIKRzRJTTZXIjtWgA5THM5lhBAw=
gopkg.in/check.v1 v0.0.0-20161208181325-20d25e280405/go.mod h1:Co6ibVJAznAaIkqp8huTwlJQCZ016jof/cbN4VW5Yz0=
gopkg.in/check.v1 v1.0.0-20180628173108-788fd7840127/go.mod h1:Co6ibVJAznAaIkqp8huTwlJQCZ016jof/cbN4VW5Yz0=
gopkg.in/errgo.v2 v2.1.0/go.mod h1:hNsd1EY+bozCKY1Ytp96fpM3vjJbqLJn88ws8XvfDNI=
gopkg.in/fsnotify.v1 v1.4.7/go.mod h1:Tz8NjZHkW78fSQdbUxIjBTcgA1z1m8ZHf0WmKUhAMys=
gopkg.in/tomb.v1 v1.0.0-20141024135613-dd632973f1e7/go.mod h1:dt/ZhP58zS4L8KSrWDmTeBkI65Dw0HsyUHuEVlX15mw=
gopkg.in/yaml.v2 v2.2.1/go.mod h1:hI93XBmqTisBFMUTm0b8Fm+jr3Dg1NNxqwp+5A1VGuI=
gopkg.in/yaml.v2 v2.2.2/go.mod h1:hI93XBmqTisBFMUTm0b8Fm+jr3Dg1NNxqwp+5A1VGuI=
honnef.co/go/tools v0.0.0-20190102054323-c2f93a96b099/go.mod h1:rf3lG4BRIbNafJWhAfAdb/ePZxsR/4RtNHQocxwk9r4=
